
Microsoft Visual Studio Solution File, Format Version 12.00
# Visual Studio Version 16
VisualStudioVersion = 16.0.29905.134
MinimumVisualStudioVersion = 10.0.40219.1
Project("{FAE04EC0-301F-11D3-BF4B-00C04F79EFBC}") = "spanzuratoarea", "spanzuratoarea\spanzuratoarea.csproj", "{0DA6A3AA-9DF3-4C8C-86D3-BB386D53B1AB}"
EndProject
Global
	GlobalSection(SolutionConfigurationPlatforms) = preSolution
		Debug|Any CPU = Debug|Any CPU
		Release|Any CPU = Release|Any CPU
	EndGlobalSection
	GlobalSection(ProjectConfigurationPlatforms) = postSolution
		{0DA6A3AA-9DF3-4C8C-86D3-BB386D53B1AB}.Debug|Any CPU.ActiveCfg = Debug|Any CPU
		{0DA6A3AA-9DF3-4C8C-86D3-BB386D53B1AB}.Debug|Any CPU.Build.0 = Debug|Any CPU
		{0DA6A3AA-9DF3-4C8C-86D3-BB386D53B1AB}.Release|Any CPU.ActiveCfg = Release|Any CPU
		{0DA6A3AA-9DF3-4C8C-86D3-BB386D53B1AB}.Release|Any CPU.Build.0 = Release|Any CPU
	EndGlobalSection
	GlobalSection(SolutionProperties) = preSolution
		HideSolutionNode = FALSE
	EndGlobalSection
	GlobalSection(ExtensibilityGlobals) = postSolution
		SolutionGuid = {1A9CFEC7-6913-4ADC-B4DB-1CAB75F96768}
	EndGlobalSection
EndGlobal
